
Microsoft Visual Studio Solution File, Format Version 12.00
# Visual Studio Version 16
VisualStudioVersion = 16.0.29409.12
MinimumVisualStudioVersion = 10.0.40219.1
Project("{FAE04EC0-301F-11D3-BF4B-00C04F79EFBC}") = "CourseLibrary.API", "CourseLibrary.API\CourseLibrary.API.csproj", "{FCD34146-BA18-42D2-9102-80E90484E65A}"
EndProject
Global
	GlobalSection(SolutionConfigurationPlatforms) = preSolution
		Debug|Any CPU = Debug|Any CPU
		Release|Any CPU = Release|Any CPU
	EndGlobalSection
	GlobalSection(ProjectConfigurationPlatforms) = postSolution
		{FCD34146-BA18-42D2-9102-80E90484E65A}.Debug|Any CPU.ActiveCfg = Debug|Any CPU
		{FCD34146-BA18-42D2-9102-80E90484E65A}.Debug|Any CPU.Build.0 = Debug|Any CPU
		{FCD34146-BA18-42D2-9102-80E90484E65A}.Release|Any CPU.ActiveCfg = Release|Any CPU
		{FCD34146-BA18-42D2-9102-80E90484E65A}.Release|Any CPU.Build.0 = Release|Any CPU
	EndGlobalSection
	GlobalSection(SolutionProperties) = preSolution
		HideSolutionNode = FALSE
	EndGlobalSection
	GlobalSection(ExtensibilityGlobals) = postSolution
		SolutionGuid = {7B74843F-5A60-45D3-991D-94A880DFE442}
	EndGlobalSection
EndGlobal
